
Microsoft Visual Studio Solution File, Format Version 12.00
# Visual Studio Version 16
VisualStudioVersion = 16.0.30011.22
MinimumVisualStudioVersion = 10.0.40219.1
Project("{9A19103F-16F7-4668-BE54-9A1E7A4F7556}") = "SampleNamespace.EnvironmentConfig", "SampleNamespace.EnvironmentConfig\SampleNamespace.EnvironmentConfig.csproj", "{F09AA228-276C-49A5-BD8D-4D24F900297B}"
EndProject
Project("{FAE04EC0-301F-11D3-BF4B-00C04F79EFBC}") = "SampleNamespace.EnvironmentConfig.Tests", "SampleNamespace.EnvironmentConfig.Tests\SampleNamespace.EnvironmentConfig.Tests.csproj", "{A08ED198-112F-4699-A47E-DBD7B4CD3F78}"
EndProject
Global
	GlobalSection(SolutionConfigurationPlatforms) = preSolution
		Debug|Any CPU = Debug|Any CPU
		Release|Any CPU = Release|Any CPU
	EndGlobalSection
	GlobalSection(ProjectConfigurationPlatforms) = postSolution
		{F09AA228-276C-49A5-BD8D-4D24F900297B}.Debug|Any CPU.ActiveCfg = Debug|Any CPU
		{F09AA228-276C-49A5-BD8D-4D24F900297B}.Debug|Any CPU.Build.0 = Debug|Any CPU
		{F09AA228-276C-49A5-BD8D-4D24F900297B}.Release|Any CPU.ActiveCfg = Release|Any CPU
		{F09AA228-276C-49A5-BD8D-4D24F900297B}.Release|Any CPU.Build.0 = Release|Any CPU
		{A08ED198-112F-4699-A47E-DBD7B4CD3F78}.Debug|Any CPU.ActiveCfg = Debug|Any CPU
		{A08ED198-112F-4699-A47E-DBD7B4CD3F78}.Debug|Any CPU.Build.0 = Debug|Any CPU
		{A08ED198-112F-4699-A47E-DBD7B4CD3F78}.Release|Any CPU.ActiveCfg = Release|Any CPU
		{A08ED198-112F-4699-A47E-DBD7B4CD3F78}.Release|Any CPU.Build.0 = Release|Any CPU
	EndGlobalSection
	GlobalSection(SolutionProperties) = preSolution
		HideSolutionNode = FALSE
	EndGlobalSection
	GlobalSection(ExtensibilityGlobals) = postSolution
		SolutionGuid = {DAE0FBDB-8992-4936-9762-90FFDCED70A3}
	EndGlobalSection
EndGlobal
